Microsoft Visual Studio Solution File, Format Version 12.00
# Visual Studio Version 16
VisualStudioVersion = 16.0.29920.165
MinimumVisualStudioVersion = 10.0.40219.1
Project("{9A19103F-16F7-4668-BE54-9A1E7A4F7556}") = "CollectionView_LoadMore", "LoadMore\CollectionView_LoadMore\CollectionView_LoadMore.csproj", "{2C1720F7-841B-4686-8E72-DCD73FB8C3C3}"
EndProject
Project("{FAE04EC0-301F-11D3-BF4B-00C04F79EFBC}") = "CollectionView_LoadMore.iOS", "LoadMore\CollectionView_LoadMore.iOS\CollectionView_LoadMore.iOS.csproj", "{02BB49FC-87D4-4E32-90CE-2C36F5EB179E}"
EndProject
Project("{FAE04EC0-301F-11D3-BF4B-00C04F79EFBC}") = "CollectionView_LoadMore.Android", "LoadMore\CollectionView_LoadMore.Android\CollectionView_LoadMore.Android.csproj", "{79860295-3186-4871-8F76-A2DB41AC2B96}"
EndProject
Project("{9A19103F-16F7-4668-BE54-9A1E7A4F7556}") = "CollectionView_PullToRefresh", "PullToRefresh\CollectionView_PullToRefresh\CollectionView_PullToRefresh.csproj", "{B65F505B-CF2B-4663-9A73-D8E1759799B4}"
EndProject
Project("{FAE04EC0-301F-11D3-BF4B-00C04F79EFBC}") = "CollectionView_PullToRefresh.Android", "PullToRefresh\CollectionView_PullToRefresh.Android\CollectionView_PullToRefresh.Android.csproj", "{DE4BC71E-266D-4231-876B-047C4779F704}"
EndProject
Project("{FAE04EC0-301F-11D3-BF4B-00C04F79EFBC}") = "CollectionView_PullToRefresh.iOS", "PullToRefresh\CollectionView_PullToRefresh.iOS\CollectionView_PullToRefresh.iOS.csproj", "{CDA6383D-51CF-40B3-895E-906ECAB73664}"
EndProject
Project("{9A19103F-16F7-4668-BE54-9A1E7A4F7556}") = "CollectionView_Selection", "Selection\CollectionView_Selection\CollectionView_Selection.csproj", "{BC41DF58-3BDB-4D6B-B805-CA9D496DB437}"
EndProject
Project("{FAE04EC0-301F-11D3-BF4B-00C04F79EFBC}") = "CollectionView_Selection.Android", "Selection\CollectionView_Selection.Android\CollectionView_Selection.Android.csproj", "{61171DF2-D7B3-4EED-8564-D48F8D7ADAAC}"
EndProject
Project("{FAE04EC0-301F-11D3-BF4B-00C04F79EFBC}") = "CollectionView_Selection.iOS", "Selection\CollectionView_Selection.iOS\CollectionView_Selection.iOS.csproj", "{617FBD8B-9494-45AD-BB21-2AF09F9E31A6}"
EndProject
Project("{9A19103F-16F7-4668-BE54-9A1E7A4F7556}") = "CollectionViewExample", "GettingStarted\CollectionViewExample\CollectionViewExample.csproj", "{AD9B73DB-5A28-48F2-8C7C-ED5739AE2396}"
EndProject
Project("{FAE04EC0-301F-11D3-BF4B-00C04F79EFBC}") = "CollectionViewExample.Android", "GettingStarted\CollectionViewExample.Android\CollectionViewExample.Android.csproj", "{C624C478-C733-4F67-B1A2-7F9E23E1A41A}"
EndProject
Project("{FAE04EC0-301F-11D3-BF4B-00C04F79EFBC}") = "CollectionViewExample.iOS", "GettingStarted\CollectionViewExample.iOS\CollectionViewExample.iOS.csproj", "{34E71D14-2BAB-43EE-9684-27E2F7F2AF0A}"
EndProject
Project("{9A19103F-16F7-4668-BE54-9A1E7A4F7556}") = "ToDoList", "DragDrop_Swipe\ToDoList\ToDoList.csproj", "{92E7484D-7B2F-4EF9-A370-08EFAE59EFDB}"
EndProject
Project("{FAE04EC0-301F-11D3-BF4B-00C04F79EFBC}") = "ToDoList.Android", "DragDrop_Swipe\ToDoList.Android\ToDoList.Android.csproj", "{B53C7098-D3DD-454B-B31E-5A71B023BDB8}"
EndProject
Project("{FAE04EC0-301F-11D3-BF4B-00C04F79EFBC}") = "ToDoList.iOS", "DragDrop_Swipe\ToDoList.iOS\ToDoList.iOS.csproj", "{9A5FD2B0-E412-4470-A0B0-36E98B6EF9CE}"
EndProject
Global
	GlobalSection(SolutionConfigurationPlatforms) = preSolution
		Debug|Any CPU = Debug|Any CPU
		Debug|iPhone = Debug|iPhone
		Debug|iPhoneSimulator = Debug|iPhoneSimulator
		Release|Any CPU = Release|Any CPU
		Release|iPhone = Release|iPhone
		Release|iPhoneSimulator = Release|iPhoneSimulator
	EndGlobalSection
	GlobalSection(ProjectConfigurationPlatforms) = postSolution
		{2C1720F7-841B-4686-8E72-DCD73FB8C3C3}.Debug|Any CPU.ActiveCfg = Debug|Any CPU
		{2C1720F7-841B-4686-8E72-DCD73FB8C3C3}.Debug|Any CPU.Build.0 = Debug|Any CPU
		{2C1720F7-841B-4686-8E72-DCD73FB8C3C3}.Debug|iPhone.ActiveCfg = Debug|Any CPU
		{2C1720F7-841B-4686-8E72-DCD73FB8C3C3}.Debug|iPhone.Build.0 = Debug|Any CPU
		{2C1720F7-841B-4686-8E72-DCD73FB8C3C3}.Debug|iPhoneSimulator.ActiveCfg = Debug|Any CPU
		{2C1720F7-841B-4686-8E72-DCD73FB8C3C3}.Debug|iPhoneSimulator.Build.0 = Debug|Any CPU
		{2C1720F7-841B-4686-8E72-DCD73FB8C3C3}.Release|Any CPU.ActiveCfg = Release|Any CPU
		{2C1720F7-841B-4686-8E72-DCD73FB8C3C3}.Release|Any CPU.Build.0 = Release|Any CPU
		{2C1720F7-841B-4686-8E72-DCD73FB8C3C3}.Release|iPhone.ActiveCfg = Release|Any CPU
		{2C1720F7-841B-4686-8E72-DCD73FB8C3C3}.Release|iPhone.Build.0 = Release|Any CPU
		{2C1720F7-841B-4686-8E72-DCD73FB8C3C3}.Release|iPhoneSimulator.ActiveCfg = Release|Any CPU
		{2C1720F7-841B-4686-8E72-DCD73FB8C3C3}.Release|iPhoneSimulator.Build.0 = Release|Any CPU
		{02BB49FC-87D4-4E32-90CE-2C36F5EB179E}.Debug|Any CPU.ActiveCfg = Debug|iPhoneSimulator
		{02BB49FC-87D4-4E32-90CE-2C36F5EB179E}.Debug|Any CPU.Build.0 = Debug|iPhoneSimulator
		{02BB49FC-87D4-4E32-90CE-2C36F5EB179E}.Debug|iPhone.ActiveCfg = Debug|iPhone
		{02BB49FC-87D4-4E32-90CE-2C36F5EB179E}.Debug|iPhone.Build.0 = Debug|iPhone
		{02BB49FC-87D4-4E32-90CE-2C36F5EB179E}.Debug|iPhoneSimulator.ActiveCfg = Debug|iPhoneSimulator
		{02BB49FC-87D4-4E32-90CE-2C36F5EB179E}.Debug|iPhoneSimulator.Build.0 = Debug|iPhoneSimulator
		{02BB49FC-87D4-4E32-90CE-2C36F5EB179E}.Release|Any CPU.ActiveCfg = Release|iPhoneSimulator
		{02BB49FC-87D4-4E32-90CE-2C36F5EB179E}.Release|Any CPU.Build.0 = Release|iPhoneSimulator
		{02BB49FC-87D4-4E32-90CE-2C36F5EB179E}.Release|iPhone.ActiveCfg = Release|iPhone
		{02BB49FC-87D4-4E32-90CE-2C36F5EB179E}.Release|iPhone.Build.0 = Release|iPhone
		{02BB49FC-87D4-4E32-90CE-2C36F5EB179E}.Release|iPhoneSimulator.ActiveCfg = Release|iPhoneSimulator
		{02BB49FC-87D4-4E32-90CE-2C36F5EB179E}.Release|iPhoneSimulator.Build.0 = Release|iPhoneSimulator
		{79860295-3186-4871-8F76-A2DB41AC2B96}.Debug|Any CPU.ActiveCfg = Debug|Any CPU
		{79860295-3186-4871-8F76-A2DB41AC2B96}.Debug|Any CPU.Build.0 = Debug|Any CPU
		{79860295-3186-4871-8F76-A2DB41AC2B96}.Debug|iPhone.ActiveCfg = Debug|Any CPU
		{79860295-3186-4871-8F76-A2DB41AC2B96}.Debug|iPhone.Build.0 = Debug|Any CPU
		{79860295-3186-4871-8F76-A2DB41AC2B96}.Debug|iPhoneSimulator.ActiveCfg = Debug|Any CPU
		{79860295-3186-4871-8F76-A2DB41AC2B96}.Debug|iPhoneSimulator.Build.0 = Debug|Any CPU
		{79860295-3186-4871-8F76-A2DB41AC2B96}.Release|Any CPU.ActiveCfg = Release|Any CPU
		{79860295-3186-4871-8F76-A2DB41AC2B96}.Release|Any CPU.Build.0 = Release|Any CPU
		{79860295-3186-4871-8F76-A2DB41AC2B96}.Release|iPhone.ActiveCfg = Release|Any CPU
		{79860295-3186-4871-8F76-A2DB41AC2B96}.Release|iPhone.Build.0 = Release|Any CPU
		{79860295-3186-4871-8F76-A2DB41AC2B96}.Release|iPhoneSimulator.ActiveCfg = Release|Any CPU
		{79860295-3186-4871-8F76-A2DB41AC2B96}.Release|iPhoneSimulator.Build.0 = Release|Any CPU
		{B65F505B-CF2B-4663-9A73-D8E1759799B4}.Debug|Any CPU.ActiveCfg = Debug|Any CPU
		{B65F505B-CF2B-4663-9A73-D8E1759799B4}.Debug|Any CPU.Build.0 = Debug|Any CPU
		{B65F505B-CF2B-4663-9A73-D8E1759799B4}.Debug|iPhone.ActiveCfg = Debug|Any CPU
		{B65F505B-CF2B-4663-9A73-D8E1759799B4}.Debug|iPhone.Build.0 = Debug|Any CPU
		{B65F505B-CF2B-4663-9A73-D8E1759799B4}.Debug|iPhoneSimulator.ActiveCfg = Debug|Any CPU
		{B65F505B-CF2B-4663-9A73-D8E1759799B4}.Debug|iPhoneSimulator.Build.0 = Debug|Any CPU
		{B65F505B-CF2B-4663-9A73-D8E1759799B4}.Release|Any CPU.ActiveCfg = Release|Any CPU
		{B65F505B-CF2B-4663-9A73-D8E1759799B4}.Release|Any CPU.Build.0 = Release|Any CPU
		{B65F505B-CF2B-4663-9A73-D8E1759799B4}.Release|iPhone.ActiveCfg = Release|Any CPU
		{B65F505B-CF2B-4663-9A73-D8E1759799B4}.Release|iPhone.Build.0 = Release|Any CPU
		{B65F505B-CF2B-4663-9A73-D8E1759799B4}.Release|iPhoneSimulator.ActiveCfg = Release|Any CPU
		{B65F505B-CF2B-4663-9A73-D8E1759799B4}.Release|iPhoneSimulator.Build.0 = Release|Any CPU
		{DE4BC71E-266D-4231-876B-047C4779F704}.Debug|Any CPU.ActiveCfg = Debug|Any CPU
		{DE4BC71E-266D-4231-876B-047C4779F704}.Debug|Any CPU.Build.0 = Debug|Any CPU
		{DE4BC71E-266D-4231-876B-047C4779F704}.Debug|Any CPU.Deploy.0 = Debug|Any CPU
		{DE4BC71E-266D-4231-876B-047C4779F704}.Debug|iPhone.ActiveCfg = Debug|Any CPU
		{DE4BC71E-266D-4231-876B-047C4779F704}.Debug|iPhone.Build.0 = Debug|Any CPU
		{DE4BC71E-266D-4231-876B-047C4779F704}.Debug|iPhone.Deploy.0 = Debug|Any CPU
		{DE4BC71E-266D-4231-876B-047C4779F704}.Debug|iPhoneSimulator.ActiveCfg = Debug|Any CPU
		{DE4BC71E-266D-4231-876B-047C4779F704}.Debug|iPhoneSimulator.Build.0 = Debug|Any CPU
		{DE4BC71E-266D-4231-876B-047C4779F704}.Debug|iPhoneSimulator.Deploy.0 = Debug|Any CPU
		{DE4BC71E-266D-4231-876B-047C4779F704}.Release|Any CPU.ActiveCfg = Release|Any CPU
		{DE4BC71E-266D-4231-876B-047C4779F704}.Release|Any CPU.Build.0 = Release|Any CPU
		{DE4BC71E-266D-4231-876B-047C4779F704}.Release|Any CPU.Deploy.0 = Release|Any CPU
		{DE4BC71E-266D-4231-876B-047C4779F704}.Release|iPhone.ActiveCfg = Release|Any CPU
		{DE4BC71E-266D-4231-876B-047C4779F704}.Release|iPhone.Build.0 = Release|Any CPU
		{DE4BC71E-266D-4231-876B-047C4779F704}.Release|iPhone.Deploy.0 = Release|Any CPU
		{DE4BC71E-266D-4231-876B-047C4779F704}.Release|iPhoneSimulator.ActiveCfg = Release|Any CPU
		{DE4BC71E-266D-4231-876B-047C4779F704}.Release|iPhoneSimulator.Build.0 = Release|Any CPU
		{DE4BC71E-266D-4231-876B-047C4779F704}.Release|iPhoneSimulator.Deploy.0 = Release|Any CPU
		{CDA6383D-51CF-40B3-895E-906ECAB73664}.Debug|Any CPU.ActiveCfg = Debug|iPhone
		{CDA6383D-51CF-40B3-895E-906ECAB73664}.Debug|iPhone.ActiveCfg = Debug|iPhone
		{CDA6383D-51CF-40B3-895E-906ECAB73664}.Debug|iPhone.Build.0 = Debug|iPhone
		{CDA6383D-51CF-40B3-895E-906ECAB73664}.Debug|iPhoneSimulator.ActiveCfg = Debug|iPhoneSimulator
		{CDA6383D-51CF-40B3-895E-906ECAB73664}.Debug|iPhoneSimulator.Build.0 = Debug|iPhoneSimulator
		{CDA6383D-51CF-40B3-895E-906ECAB73664}.Release|Any CPU.ActiveCfg = Release|iPhone
		{CDA6383D-51CF-40B3-895E-906ECAB73664}.Release|iPhone.ActiveCfg = Release|iPhone
		{CDA6383D-51CF-40B3-895E-906ECAB73664}.Release|iPhone.Build.0 = Release|iPhone
		{CDA6383D-51CF-40B3-895E-906ECAB73664}.Release|iPhoneSimulator.ActiveCfg = Release|iPhoneSimulator
		{CDA6383D-51CF-40B3-895E-906ECAB73664}.Release|iPhoneSimulator.Build.0 = Release|iPhoneSimulator
		{BC41DF58-3BDB-4D6B-B805-CA9D496DB437}.Debug|Any CPU.ActiveCfg = Debug|Any CPU
		{BC41DF58-3BDB-4D6B-B805-CA9D496DB437}.Debug|Any CPU.Build.0 = Debug|Any CPU
		{BC41DF58-3BDB-4D6B-B805-CA9D496DB437}.Debug|iPhone.ActiveCfg = Debug|Any CPU
		{BC41DF58-3BDB-4D6B-B805-CA9D496DB437}.Debug|iPhone.Build.0 = Debug|Any CPU
		{BC41DF58-3BDB-4D6B-B805-CA9D496DB437}.Debug|iPhoneSimulator.ActiveCfg = Debug|Any CPU
		{BC41DF58-3BDB-4D6B-B805-CA9D496DB437}.Debug|iPhoneSimulator.Build.0 = Debug|Any CPU
		{BC41DF58-3BDB-4D6B-B805-CA9D496DB437}.Release|Any CPU.ActiveCfg = Release|Any CPU
		{BC41DF58-3BDB-4D6B-B805-CA9D496DB437}.Release|Any CPU.Build.0 = Release|Any CPU
		{BC41DF58-3BDB-4D6B-B805-CA9D496DB437}.Release|iPhone.ActiveCfg = Release|Any CPU
		{BC41DF58-3BDB-4D6B-B805-CA9D496DB437}.Release|iPhone.Build.0 = Release|Any CPU
		{BC41DF58-3BDB-4D6B-B805-CA9D496DB437}.Release|iPhoneSimulator.ActiveCfg = Release|Any CPU
		{BC41DF58-3BDB-4D6B-B805-CA9D496DB437}.Release|iPhoneSimulator.Build.0 = Release|Any CPU
		{61171DF2-D7B3-4EED-8564-D48F8D7ADAAC}.Debug|Any CPU.ActiveCfg = Debug|Any CPU
		{61171DF2-D7B3-4EED-8564-D48F8D7ADAAC}.Debug|Any CPU.Build.0 = Debug|Any CPU
		{61171DF2-D7B3-4EED-8564-D48F8D7ADAAC}.Debug|Any CPU.Deploy.0 = Debug|Any CPU
		{61171DF2-D7B3-4EED-8564-D48F8D7ADAAC}.Debug|iPhone.ActiveCfg = Debug|Any CPU
		{61171DF2-D7B3-4EED-8564-D48F8D7ADAAC}.Debug|iPhone.Build.0 = Debug|Any CPU
		{61171DF2-D7B3-4EED-8564-D48F8D7ADAAC}.Debug|iPhone.Deploy.0 = Debug|Any CPU
		{61171DF2-D7B3-4EED-8564-D48F8D7ADAAC}.Debug|iPhoneSimulator.ActiveCfg = Debug|Any CPU
		{61171DF2-D7B3-4EED-8564-D48F8D7ADAAC}.Debug|iPhoneSimulator.Build.0 = Debug|Any CPU
		{61171DF2-D7B3-4EED-8564-D48F8D7ADAAC}.Debug|iPhoneSimulator.Deploy.0 = Debug|Any CPU
		{61171DF2-D7B3-4EED-8564-D48F8D7ADAAC}.Release|Any CPU.ActiveCfg = Release|Any CPU
		{61171DF2-D7B3-4EED-8564-D48F8D7ADAAC}.Release|Any CPU.Build.0 = Release|Any CPU
		{61171DF2-D7B3-4EED-8564-D48F8D7ADAAC}.Release|Any CPU.Deploy.0 = Release|Any CPU
		{61171DF2-D7B3-4EED-8564-D48F8D7ADAAC}.Release|iPhone.ActiveCfg = Release|Any CPU
		{61171DF2-D7B3-4EED-8564-D48F8D7ADAAC}.Release|iPhone.Build.0 = Release|Any CPU
		{61171DF2-D7B3-4EED-8564-D48F8D7ADAAC}.Release|iPhone.Deploy.0 = Release|Any CPU
		{61171DF2-D7B3-4EED-8564-D48F8D7ADAAC}.Release|iPhoneSimulator.ActiveCfg = Release|Any CPU
		{61171DF2-D7B3-4EED-8564-D48F8D7ADAAC}.Release|iPhoneSimulator.Build.0 = Release|Any CPU
		{61171DF2-D7B3-4EED-8564-D48F8D7ADAAC}.Release|iPhoneSimulator.Deploy.0 = Release|Any CPU
		{617FBD8B-9494-45AD-BB21-2AF09F9E31A6}.Debug|Any CPU.ActiveCfg = Debug|iPhone
		{617FBD8B-9494-45AD-BB21-2AF09F9E31A6}.Debug|iPhone.ActiveCfg = Debug|iPhone
		{617FBD8B-9494-45AD-BB21-2AF09F9E31A6}.Debug|iPhone.Build.0 = Debug|iPhone
		{617FBD8B-9494-45AD-BB21-2AF09F9E31A6}.Debug|iPhoneSimulator.ActiveCfg = Debug|iPhoneSimulator
		{617FBD8B-9494-45AD-BB21-2AF09F9E31A6}.Debug|iPhoneSimulator.Build.0 = Debug|iPhoneSimulator
		{617FBD8B-9494-45AD-BB21-2AF09F9E31A6}.Release|Any CPU.ActiveCfg = Release|iPhone
		{617FBD8B-9494-45AD-BB21-2AF09F9E31A6}.Release|iPhone.ActiveCfg = Release|iPhone
		{617FBD8B-9494-45AD-BB21-2AF09F9E31A6}.Release|iPhone.Build.0 = Release|iPhone
		{617FBD8B-9494-45AD-BB21-2AF09F9E31A6}.Release|iPhoneSimulator.ActiveCfg = Release|iPhoneSimulator
		{617FBD8B-9494-45AD-BB21-2AF09F9E31A6}.Release|iPhoneSimulator.Build.0 = Release|iPhoneSimulator
		{AD9B73DB-5A28-48F2-8C7C-ED5739AE2396}.Debug|Any CPU.ActiveCfg = Debug|Any CPU
		{AD9B73DB-5A28-48F2-8C7C-ED5739AE2396}.Debug|Any CPU.Build.0 = Debug|Any CPU
		{AD9B73DB-5A28-48F2-8C7C-ED5739AE2396}.Debug|iPhone.ActiveCfg = Debug|Any CPU
		{AD9B73DB-5A28-48F2-8C7C-ED5739AE2396}.Debug|iPhone.Build.0 = Debug|Any CPU
		{AD9B73DB-5A28-48F2-8C7C-ED5739AE2396}.Debug|iPhoneSimulator.ActiveCfg = Debug|Any CPU
		{AD9B73DB-5A28-48F2-8C7C-ED5739AE2396}.Debug|iPhoneSimulator.Build.0 = Debug|Any CPU
		{AD9B73DB-5A28-48F2-8C7C-ED5739AE2396}.Release|Any CPU.ActiveCfg = Release|Any CPU
		{AD9B73DB-5A28-48F2-8C7C-ED5739AE2396}.Release|Any CPU.Build.0 = Release|Any CPU
		{AD9B73DB-5A28-48F2-8C7C-ED5739AE2396}.Release|iPhone.ActiveCfg = Release|Any CPU
		{AD9B73DB-5A28-48F2-8C7C-ED5739AE2396}.Release|iPhone.Build.0 = Release|Any CPU
		{AD9B73DB-5A28-48F2-8C7C-ED5739AE2396}.Release|iPhoneSimulator.ActiveCfg = Release|Any CPU
		{AD9B73DB-5A28-48F2-8C7C-ED5739AE2396}.Release|iPhoneSimulator.Build.0 = Release|Any CPU
		{C624C478-C733-4F67-B1A2-7F9E23E1A41A}.Debug|Any CPU.ActiveCfg = Debug|Any CPU
		{C624C478-C733-4F67-B1A2-7F9E23E1A41A}.Debug|Any CPU.Build.0 = Debug|Any CPU
		{C624C478-C733-4F67-B1A2-7F9E23E1A41A}.Debug|Any CPU.Deploy.0 = Debug|Any CPU
		{C624C478-C733-4F67-B1A2-7F9E23E1A41A}.Debug|iPhone.ActiveCfg = Debug|Any CPU
		{C624C478-C733-4F67-B1A2-7F9E23E1A41A}.Debug|iPhone.Build.0 = Debug|Any CPU
		{C624C478-C733-4F67-B1A2-7F9E23E1A41A}.Debug|iPhone.Deploy.0 = Debug|Any CPU
		{C624C478-C733-4F67-B1A2-7F9E23E1A41A}.Debug|iPhoneSimulator.ActiveCfg = Debug|Any CPU
		{C624C478-C733-4F67-B1A2-7F9E23E1A41A}.Debug|iPhoneSimulator.Build.0 = Debug|Any CPU
		{C624C478-C733-4F67-B1A2-7F9E23E1A41A}.Debug|iPhoneSimulator.Deploy.0 = Debug|Any CPU
		{C624C478-C733-4F67-B1A2-7F9E23E1A41A}.Release|Any CPU.ActiveCfg = Release|Any CPU
		{C624C478-C733-4F67-B1A2-7F9E23E1A41A}.Release|Any CPU.Build.0 = Release|Any CPU
		{C624C478-C733-4F67-B1A2-7F9E23E1A41A}.Release|Any CPU.Deploy.0 = Release|Any CPU
		{C624C478-C733-4F67-B1A2-7F9E23E1A41A}.Release|iPhone.ActiveCfg = Release|Any CPU
		{C624C478-C733-4F67-B1A2-7F9E23E1A41A}.Release|iPhone.Build.0 = Release|Any CPU
		{C624C478-C733-4F67-B1A2-7F9E23E1A41A}.Release|iPhone.Deploy.0 = Release|Any CPU
		{C624C478-C733-4F67-B1A2-7F9E23E1A41A}.Release|iPhoneSimulator.ActiveCfg = Release|Any CPU
		{C624C478-C733-4F67-B1A2-7F9E23E1A41A}.Release|iPhoneSimulator.Build.0 = Release|Any CPU
		{C624C478-C733-4F67-B1A2-7F9E23E1A41A}.Release|iPhoneSimulator.Deploy.0 = Release|Any CPU
		{34E71D14-2BAB-43EE-9684-27E2F7F2AF0A}.Debug|Any CPU.ActiveCfg = Debug|iPhone
		{34E71D14-2BAB-43EE-9684-27E2F7F2AF0A}.Debug|iPhone.ActiveCfg = Debug|iPhone
		{34E71D14-2BAB-43EE-9684-27E2F7F2AF0A}.Debug|iPhone.Build.0 = Debug|iPhone
		{34E71D14-2BAB-43EE-9684-27E2F7F2AF0A}.Debug|iPhoneSimulator.ActiveCfg = Debug|iPhoneSimulator
		{34E71D14-2BAB-43EE-9684-27E2F7F2AF0A}.Debug|iPhoneSimulator.Build.0 = Debug|iPhoneSimulator
		{34E71D14-2BAB-43EE-9684-27E2F7F2AF0A}.Release|Any CPU.ActiveCfg = Release|iPhone
		{34E71D14-2BAB-43EE-9684-27E2F7F2AF0A}.Release|iPhone.ActiveCfg = Release|iPhone
		{34E71D14-2BAB-43EE-9684-27E2F7F2AF0A}.Release|iPhone.Build.0 = Release|iPhone
		{34E71D14-2BAB-43EE-9684-27E2F7F2AF0A}.Release|iPhoneSimulator.ActiveCfg = Release|iPhoneSimulator
		{34E71D14-2BAB-43EE-9684-27E2F7F2AF0A}.Release|iPhoneSimulator.Build.0 = Release|iPhoneSimulator
		{92E7484D-7B2F-4EF9-A370-08EFAE59EFDB}.Debug|Any CPU.ActiveCfg = Debug|Any CPU
		{92E7484D-7B2F-4EF9-A370-08EFAE59EFDB}.Debug|Any CPU.Build.0 = Debug|Any CPU
		{92E7484D-7B2F-4EF9-A370-08EFAE59EFDB}.Debug|iPhone.ActiveCfg = Debug|Any CPU
		{92E7484D-7B2F-4EF9-A370-08EFAE59EFDB}.Debug|iPhone.Build.0 = Debug|Any CPU
		{92E7484D-7B2F-4EF9-A370-08EFAE59EFDB}.Debug|iPhoneSimulator.ActiveCfg = Debug|Any CPU
		{92E7484D-7B2F-4EF9-A370-08EFAE59EFDB}.Debug|iPhoneSimulator.Build.0 = Debug|Any CPU
		{92E7484D-7B2F-4EF9-A370-08EFAE59EFDB}.Release|Any CPU.ActiveCfg = Release|Any CPU
		{92E7484D-7B2F-4EF9-A370-08EFAE59EFDB}.Release|Any CPU.Build.0 = Release|Any CPU
		{92E7484D-7B2F-4EF9-A370-08EFAE59EFDB}.Release|iPhone.ActiveCfg = Release|Any CPU
		{92E7484D-7B2F-4EF9-A370-08EFAE59EFDB}.Release|iPhone.Build.0 = Release|Any CPU
		{92E7484D-7B2F-4EF9-A370-08EFAE59EFDB}.Release|iPhoneSimulator.ActiveCfg = Release|Any CPU
		{92E7484D-7B2F-4EF9-A370-08EFAE59EFDB}.Release|iPhoneSimulator.Build.0 = Release|Any CPU
		{B53C7098-D3DD-454B-B31E-5A71B023BDB8}.Debug|Any CPU.ActiveCfg = Debug|Any CPU
		{B53C7098-D3DD-454B-B31E-5A71B023BDB8}.Debug|Any CPU.Build.0 = Debug|Any CPU
		{B53C7098-D3DD-454B-B31E-5A71B023BDB8}.Debug|Any CPU.Deploy.0 = Debug|Any CPU
		{B53C7098-D3DD-454B-B31E-5A71B023BDB8}.Debug|iPhone.ActiveCfg = Debug|Any CPU
		{B53C7098-D3DD-454B-B31E-5A71B023BDB8}.Debug|iPhone.Build.0 = Debug|Any CPU
		{B53C7098-D3DD-454B-B31E-5A71B023BDB8}.Debug|iPhone.Deploy.0 = Debug|Any CPU
		{B53C7098-D3DD-454B-B31E-5A71B023BDB8}.Debug|iPhoneSimulator.ActiveCfg = Debug|Any CPU
		{B53C7098-D3DD-454B-B31E-5A71B023BDB8}.Debug|iPhoneSimulator.Build.0 = Debug|Any CPU
		{B53C7098-D3DD-454B-B31E-5A71B023BDB8}.Debug|iPhoneSimulator.Deploy.0 = Debug|Any CPU
		{B53C7098-D3DD-454B-B31E-5A71B023BDB8}.Release|Any CPU.ActiveCfg = Release|Any CPU
		{B53C7098-D3DD-454B-B31E-5A71B023BDB8}.Release|Any CPU.Build.0 = Release|Any CPU
		{B53C7098-D3DD-454B-B31E-5A71B023BDB8}.Release|Any CPU.Deploy.0 = Release|Any CPU
		{B53C7098-D3DD-454B-B31E-5A71B023BDB8}.Release|iPhone.ActiveCfg = Release|Any CPU
		{B53C7098-D3DD-454B-B31E-5A71B023BDB8}.Release|iPhone.Build.0 = Release|Any CPU
		{B53C7098-D3DD-454B-B31E-5A71B023BDB8}.Release|iPhone.Deploy.0 = Release|Any CPU
		{B53C7098-D3DD-454B-B31E-5A71B023BDB8}.Release|iPhoneSimulator.ActiveCfg = Release|Any CPU
		{B53C7098-D3DD-454B-B31E-5A71B023BDB8}.Release|iPhoneSimulator.Build.0 = Release|Any CPU
		{B53C7098-D3DD-454B-B31E-5A71B023BDB8}.Release|iPhoneSimulator.Deploy.0 = Release|Any CPU
		{9A5FD2B0-E412-4470-A0B0-36E98B6EF9CE}.Debug|Any CPU.ActiveCfg = Debug|iPhone
		{9A5FD2B0-E412-4470-A0B0-36E98B6EF9CE}.Debug|iPhone.ActiveCfg = Debug|iPhone
		{9A5FD2B0-E412-4470-A0B0-36E98B6EF9CE}.Debug|iPhone.Build.0 = Debug|iPhone
		{9A5FD2B0-E412-4470-A0B0-36E98B6EF9CE}.Debug|iPhoneSimulator.ActiveCfg = Debug|iPhoneSimulator
		{9A5FD2B0-E412-4470-A0B0-36E98B6EF9CE}.Debug|iPhoneSimulator.Build.0 = Debug|iPhoneSimulator
		{9A5FD2B0-E412-4470-A0B0-36E98B6EF9CE}.Release|Any CPU.ActiveCfg = Release|iPhone
		{9A5FD2B0-E412-4470-A0B0-36E98B6EF9CE}.Release|iPhone.ActiveCfg = Release|iPhone
		{9A5FD2B0-E412-4470-A0B0-36E98B6EF9CE}.Release|iPhone.Build.0 = Release|iPhone
		{9A5FD2B0-E412-4470-A0B0-36E98B6EF9CE}.Release|iPhoneSimulator.ActiveCfg = Release|iPhoneSimulator
		{9A5FD2B0-E412-4470-A0B0-36E98B6EF9CE}.Release|iPhoneSimulator.Build.0 = Release|iPhoneSimulator
	EndGlobalSection
	GlobalSection(SolutionProperties) = preSolution
		HideSolutionNode = FALSE
	EndGlobalSection
	GlobalSection(ExtensibilityGlobals) = postSolution
		SolutionGuid = {FD683B14-266F-4C66-97A3-18538201F3C4}
	EndGlobalSection
EndGlobal
