Microsoft Visual Studio Solution File, Format Version 12.00
# Visual Studio Version 16
VisualStudioVersion = 16.0.29920.165
MinimumVisualStudioVersion = 10.0.40219.1
Project("{FAE04EC0-301F-11D3-BF4B-00C04F79EFBC}") = "CollectionView_PullToRefresh.Android", "CollectionView_PullToRefresh.Android\CollectionView_PullToRefresh.Android.csproj", "{DE4BC71E-266D-4231-876B-047C4779F704}"
EndProject
Project("{FAE04EC0-301F-11D3-BF4B-00C04F79EFBC}") = "CollectionView_PullToRefresh.iOS", "CollectionView_PullToRefresh.iOS\CollectionView_PullToRefresh.iOS.csproj", "{CDA6383D-51CF-40B3-895E-906ECAB73664}"
EndProject
Project("{9A19103F-16F7-4668-BE54-9A1E7A4F7556}") = "CollectionView_PullToRefresh", "CollectionView_PullToRefresh\CollectionView_PullToRefresh.csproj", "{DD12E0A6-6709-4F4A-B722-1E75EFA771B4}"
EndProject
Global
	GlobalSection(SolutionConfigurationPlatforms) = preSolution
		Debug|Any CPU = Debug|Any CPU
		Debug|iPhone = Debug|iPhone
		Debug|iPhoneSimulator = Debug|iPhoneSimulator
		Release|Any CPU = Release|Any CPU
		Release|iPhone = Release|iPhone
		Release|iPhoneSimulator = Release|iPhoneSimulator
	EndGlobalSection
	GlobalSection(ProjectConfigurationPlatforms) = postSolution
		{DE4BC71E-266D-4231-876B-047C4779F704}.Debug|Any CPU.ActiveCfg = Debug|Any CPU
		{DE4BC71E-266D-4231-876B-047C4779F704}.Debug|Any CPU.Build.0 = Debug|Any CPU
		{DE4BC71E-266D-4231-876B-047C4779F704}.Debug|Any CPU.Deploy.0 = Debug|Any CPU
		{DE4BC71E-266D-4231-876B-047C4779F704}.Debug|iPhone.ActiveCfg = Debug|Any CPU
		{DE4BC71E-266D-4231-876B-047C4779F704}.Debug|iPhone.Build.0 = Debug|Any CPU
		{DE4BC71E-266D-4231-876B-047C4779F704}.Debug|iPhoneSimulator.ActiveCfg = Debug|Any CPU
		{DE4BC71E-266D-4231-876B-047C4779F704}.Debug|iPhoneSimulator.Build.0 = Debug|Any CPU
		{DE4BC71E-266D-4231-876B-047C4779F704}.Release|Any CPU.ActiveCfg = Release|Any CPU
		{DE4BC71E-266D-4231-876B-047C4779F704}.Release|Any CPU.Build.0 = Release|Any CPU
		{DE4BC71E-266D-4231-876B-047C4779F704}.Release|iPhone.ActiveCfg = Release|Any CPU
		{DE4BC71E-266D-4231-876B-047C4779F704}.Release|iPhone.Build.0 = Release|Any CPU
		{DE4BC71E-266D-4231-876B-047C4779F704}.Release|iPhoneSimulator.ActiveCfg = Release|Any CPU
		{DE4BC71E-266D-4231-876B-047C4779F704}.Release|iPhoneSimulator.Build.0 = Release|Any CPU
		{CDA6383D-51CF-40B3-895E-906ECAB73664}.Debug|Any CPU.ActiveCfg = Debug|iPhoneSimulator
		{CDA6383D-51CF-40B3-895E-906ECAB73664}.Debug|Any CPU.Build.0 = Debug|iPhoneSimulator
		{CDA6383D-51CF-40B3-895E-906ECAB73664}.Debug|iPhone.ActiveCfg = Debug|iPhone
		{CDA6383D-51CF-40B3-895E-906ECAB73664}.Debug|iPhone.Build.0 = Debug|iPhone
		{CDA6383D-51CF-40B3-895E-906ECAB73664}.Debug|iPhoneSimulator.ActiveCfg = Debug|iPhoneSimulator
		{CDA6383D-51CF-40B3-895E-906ECAB73664}.Debug|iPhoneSimulator.Build.0 = Debug|iPhoneSimulator
		{CDA6383D-51CF-40B3-895E-906ECAB73664}.Release|Any CPU.ActiveCfg = Release|iPhoneSimulator
		{CDA6383D-51CF-40B3-895E-906ECAB73664}.Release|Any CPU.Build.0 = Release|iPhoneSimulator
		{CDA6383D-51CF-40B3-895E-906ECAB73664}.Release|iPhone.ActiveCfg = Release|iPhone
		{CDA6383D-51CF-40B3-895E-906ECAB73664}.Release|iPhone.Build.0 = Release|iPhone
		{CDA6383D-51CF-40B3-895E-906ECAB73664}.Release|iPhoneSimulator.ActiveCfg = Release|iPhoneSimulator
		{CDA6383D-51CF-40B3-895E-906ECAB73664}.Release|iPhoneSimulator.Build.0 = Release|iPhoneSimulator
		{DD12E0A6-6709-4F4A-B722-1E75EFA771B4}.Debug|Any CPU.ActiveCfg = Debug|Any CPU
		{DD12E0A6-6709-4F4A-B722-1E75EFA771B4}.Debug|Any CPU.Build.0 = Debug|Any CPU
		{DD12E0A6-6709-4F4A-B722-1E75EFA771B4}.Debug|iPhone.ActiveCfg = Debug|Any CPU
		{DD12E0A6-6709-4F4A-B722-1E75EFA771B4}.Debug|iPhone.Build.0 = Debug|Any CPU
		{DD12E0A6-6709-4F4A-B722-1E75EFA771B4}.Debug|iPhoneSimulator.ActiveCfg = Debug|Any CPU
		{DD12E0A6-6709-4F4A-B722-1E75EFA771B4}.Debug|iPhoneSimulator.Build.0 = Debug|Any CPU
		{DD12E0A6-6709-4F4A-B722-1E75EFA771B4}.Release|Any CPU.ActiveCfg = Release|Any CPU
		{DD12E0A6-6709-4F4A-B722-1E75EFA771B4}.Release|Any CPU.Build.0 = Release|Any CPU
		{DD12E0A6-6709-4F4A-B722-1E75EFA771B4}.Release|iPhone.ActiveCfg = Release|Any CPU
		{DD12E0A6-6709-4F4A-B722-1E75EFA771B4}.Release|iPhone.Build.0 = Release|Any CPU
		{DD12E0A6-6709-4F4A-B722-1E75EFA771B4}.Release|iPhoneSimulator.ActiveCfg = Release|Any CPU
		{DD12E0A6-6709-4F4A-B722-1E75EFA771B4}.Release|iPhoneSimulator.Build.0 = Release|Any CPU
	EndGlobalSection
	GlobalSection(SolutionProperties) = preSolution
		HideSolutionNode = FALSE
	EndGlobalSection
	GlobalSection(ExtensibilityGlobals) = postSolution
		SolutionGuid = {01DEA721-05B3-4CFA-9F97-10D7340C142C}
	EndGlobalSection
EndGlobal
