
Microsoft Visual Studio Solution File, Format Version 12.00
# Visual Studio Version 16
VisualStudioVersion = 16.0.808.0
MinimumVisualStudioVersion = 10.0.40219.1
Project("{FAE04EC0-301F-11D3-BF4B-00C04F79EFBC}") = "ToDoList.Android", "ToDoList.Android\ToDoList.Android.csproj", "{B53C7098-D3DD-454B-B31E-5A71B023BDB8}"
EndProject
Project("{FAE04EC0-301F-11D3-BF4B-00C04F79EFBC}") = "ToDoList.iOS", "ToDoList.iOS\ToDoList.iOS.csproj", "{9A5FD2B0-E412-4470-A0B0-36E98B6EF9CE}"
EndProject
Project("{9A19103F-16F7-4668-BE54-9A1E7A4F7556}") = "ToDoList", "ToDoList\ToDoList.csproj", "{BC1AD2A6-9782-4E03-AB3A-FB998CAA26F2}"
EndProject
Global
	GlobalSection(SolutionConfigurationPlatforms) = preSolution
		Debug|Any CPU = Debug|Any CPU
		Debug|iPhone = Debug|iPhone
		Debug|iPhoneSimulator = Debug|iPhoneSimulator
		Release|Any CPU = Release|Any CPU
		Release|iPhone = Release|iPhone
		Release|iPhoneSimulator = Release|iPhoneSimulator
	EndGlobalSection
	GlobalSection(ProjectConfigurationPlatforms) = postSolution
		{B53C7098-D3DD-454B-B31E-5A71B023BDB8}.Debug|Any CPU.ActiveCfg = Debug|Any CPU
		{B53C7098-D3DD-454B-B31E-5A71B023BDB8}.Debug|Any CPU.Build.0 = Debug|Any CPU
		{B53C7098-D3DD-454B-B31E-5A71B023BDB8}.Debug|Any CPU.Deploy.0 = Debug|Any CPU
		{B53C7098-D3DD-454B-B31E-5A71B023BDB8}.Debug|iPhone.ActiveCfg = Debug|Any CPU
		{B53C7098-D3DD-454B-B31E-5A71B023BDB8}.Debug|iPhone.Build.0 = Debug|Any CPU
		{B53C7098-D3DD-454B-B31E-5A71B023BDB8}.Debug|iPhoneSimulator.ActiveCfg = Debug|Any CPU
		{B53C7098-D3DD-454B-B31E-5A71B023BDB8}.Debug|iPhoneSimulator.Build.0 = Debug|Any CPU
		{B53C7098-D3DD-454B-B31E-5A71B023BDB8}.Release|Any CPU.ActiveCfg = Release|Any CPU
		{B53C7098-D3DD-454B-B31E-5A71B023BDB8}.Release|Any CPU.Build.0 = Release|Any CPU
		{B53C7098-D3DD-454B-B31E-5A71B023BDB8}.Release|iPhone.ActiveCfg = Release|Any CPU
		{B53C7098-D3DD-454B-B31E-5A71B023BDB8}.Release|iPhone.Build.0 = Release|Any CPU
		{B53C7098-D3DD-454B-B31E-5A71B023BDB8}.Release|iPhoneSimulator.ActiveCfg = Release|Any CPU
		{B53C7098-D3DD-454B-B31E-5A71B023BDB8}.Release|iPhoneSimulator.Build.0 = Release|Any CPU
		{9A5FD2B0-E412-4470-A0B0-36E98B6EF9CE}.Debug|Any CPU.ActiveCfg = Debug|iPhoneSimulator
		{9A5FD2B0-E412-4470-A0B0-36E98B6EF9CE}.Debug|Any CPU.Build.0 = Debug|iPhoneSimulator
		{9A5FD2B0-E412-4470-A0B0-36E98B6EF9CE}.Debug|iPhone.ActiveCfg = Debug|iPhone
		{9A5FD2B0-E412-4470-A0B0-36E98B6EF9CE}.Debug|iPhone.Build.0 = Debug|iPhone
		{9A5FD2B0-E412-4470-A0B0-36E98B6EF9CE}.Debug|iPhoneSimulator.ActiveCfg = Debug|iPhoneSimulator
		{9A5FD2B0-E412-4470-A0B0-36E98B6EF9CE}.Debug|iPhoneSimulator.Build.0 = Debug|iPhoneSimulator
		{9A5FD2B0-E412-4470-A0B0-36E98B6EF9CE}.Release|Any CPU.ActiveCfg = Release|iPhoneSimulator
		{9A5FD2B0-E412-4470-A0B0-36E98B6EF9CE}.Release|Any CPU.Build.0 = Release|iPhoneSimulator
		{9A5FD2B0-E412-4470-A0B0-36E98B6EF9CE}.Release|iPhone.ActiveCfg = Release|iPhone
		{9A5FD2B0-E412-4470-A0B0-36E98B6EF9CE}.Release|iPhone.Build.0 = Release|iPhone
		{9A5FD2B0-E412-4470-A0B0-36E98B6EF9CE}.Release|iPhoneSimulator.ActiveCfg = Release|iPhoneSimulator
		{9A5FD2B0-E412-4470-A0B0-36E98B6EF9CE}.Release|iPhoneSimulator.Build.0 = Release|iPhoneSimulator
		{BC1AD2A6-9782-4E03-AB3A-FB998CAA26F2}.Debug|Any CPU.ActiveCfg = Debug|Any CPU
		{BC1AD2A6-9782-4E03-AB3A-FB998CAA26F2}.Debug|Any CPU.Build.0 = Debug|Any CPU
		{BC1AD2A6-9782-4E03-AB3A-FB998CAA26F2}.Debug|iPhone.ActiveCfg = Debug|Any CPU
		{BC1AD2A6-9782-4E03-AB3A-FB998CAA26F2}.Debug|iPhone.Build.0 = Debug|Any CPU
		{BC1AD2A6-9782-4E03-AB3A-FB998CAA26F2}.Debug|iPhoneSimulator.ActiveCfg = Debug|Any CPU
		{BC1AD2A6-9782-4E03-AB3A-FB998CAA26F2}.Debug|iPhoneSimulator.Build.0 = Debug|Any CPU
		{BC1AD2A6-9782-4E03-AB3A-FB998CAA26F2}.Release|Any CPU.ActiveCfg = Release|Any CPU
		{BC1AD2A6-9782-4E03-AB3A-FB998CAA26F2}.Release|Any CPU.Build.0 = Release|Any CPU
		{BC1AD2A6-9782-4E03-AB3A-FB998CAA26F2}.Release|iPhone.ActiveCfg = Release|Any CPU
		{BC1AD2A6-9782-4E03-AB3A-FB998CAA26F2}.Release|iPhone.Build.0 = Release|Any CPU
		{BC1AD2A6-9782-4E03-AB3A-FB998CAA26F2}.Release|iPhoneSimulator.ActiveCfg = Release|Any CPU
		{BC1AD2A6-9782-4E03-AB3A-FB998CAA26F2}.Release|iPhoneSimulator.Build.0 = Release|Any CPU
	EndGlobalSection
	GlobalSection(SolutionProperties) = preSolution
		HideSolutionNode = FALSE
	EndGlobalSection
	GlobalSection(ExtensibilityGlobals) = postSolution
		SolutionGuid = {A2F273A7-BBB6-4F55-B23E-C895B171AC8A}
	EndGlobalSection
EndGlobal
